
Microsoft Visual Studio Solution File, Format Version 12.00
# Visual Studio Version 17
VisualStudioVersion = 17.4.33122.133
MinimumVisualStudioVersion = 10.0.40219.1
Project("{9A19103F-16F7-4668-BE54-9A1E7A4F7556}") = "AleDiazChatRoom", "AleDiazChatRoom\AleDiazChatRoom.csproj", "{0D4D753E-EE9E-4ABA-83CD-822097F94E08}"
EndProject
Project("{9A19103F-16F7-4668-BE54-9A1E7A4F7556}") = "ChatRoomMessages", "ChatRoomMessages\ChatRoomMessages.csproj", "{ECCB8A34-F735-4A35-962C-4FD3788EECC8}"
EndProject
Project("{FAE04EC0-301F-11D3-BF4B-00C04F79EFBC}") = "AleBot", "AleBot\AleBot.csproj", "{723EED59-3DB6-40D2-940E-1A64F05F5393}"
EndProject
Global
	GlobalSection(SolutionConfigurationPlatforms) = preSolution
		Debug|Any CPU = Debug|Any CPU
		Release|Any CPU = Release|Any CPU
	EndGlobalSection
	GlobalSection(ProjectConfigurationPlatforms) = postSolution
		{0D4D753E-EE9E-4ABA-83CD-822097F94E08}.Debug|Any CPU.ActiveCfg = Debug|Any CPU
		{0D4D753E-EE9E-4ABA-83CD-822097F94E08}.Debug|Any CPU.Build.0 = Debug|Any CPU
		{0D4D753E-EE9E-4ABA-83CD-822097F94E08}.Release|Any CPU.ActiveCfg = Release|Any CPU
		{0D4D753E-EE9E-4ABA-83CD-822097F94E08}.Release|Any CPU.Build.0 = Release|Any CPU
		{ECCB8A34-F735-4A35-962C-4FD3788EECC8}.Debug|Any CPU.ActiveCfg = Debug|Any CPU
		{ECCB8A34-F735-4A35-962C-4FD3788EECC8}.Debug|Any CPU.Build.0 = Debug|Any CPU
		{ECCB8A34-F735-4A35-962C-4FD3788EECC8}.Release|Any CPU.ActiveCfg = Release|Any CPU
		{ECCB8A34-F735-4A35-962C-4FD3788EECC8}.Release|Any CPU.Build.0 = Release|Any CPU
		{723EED59-3DB6-40D2-940E-1A64F05F5393}.Debug|Any CPU.ActiveCfg = Debug|Any CPU
		{723EED59-3DB6-40D2-940E-1A64F05F5393}.Debug|Any CPU.Build.0 = Debug|Any CPU
		{723EED59-3DB6-40D2-940E-1A64F05F5393}.Release|Any CPU.ActiveCfg = Release|Any CPU
		{723EED59-3DB6-40D2-940E-1A64F05F5393}.Release|Any CPU.Build.0 = Release|Any CPU
	EndGlobalSection
	GlobalSection(SolutionProperties) = preSolution
		HideSolutionNode = FALSE
	EndGlobalSection
	GlobalSection(ExtensibilityGlobals) = postSolution
		SolutionGuid = {99519FA9-657A-435E-AC3A-F18E4D077AC1}
	EndGlobalSection
EndGlobal
